// !$*UTF8*$!
{
	archiveVersion = 1;
	classes = {
	};
	objectVersion = 46;
	objects = {

/* Begin PBXBuildFile section */
		C46FDE101BEC246800868DC8 /* AppDelegate.swift in Sources */ = {isa = PBXBuildFile; fileRef = C46FDE0F1BEC246800868DC8 /* AppDelegate.swift */; };
		C46FDE121BEC246800868DC8 /* ViewController.swift in Sources */ = {isa = PBXBuildFile; fileRef = C46FDE111BEC246800868DC8 /* ViewController.swift */; };
		C46FDE151BEC246800868DC8 /* Main.storyboard in Resources */ = {isa = PBXBuildFile; fileRef = C46FDE131BEC246800868DC8 /* Main.storyboard */; };
		C46FDE171BEC246800868DC8 /* Assets.xcassets in Resources */ = {isa = PBXBuildFile; fileRef = C46FDE161BEC246800868DC8 /* Assets.xcassets */; };
		C46FDE1A1BEC246800868DC8 /* LaunchScreen.storyboard in Resources */ = {isa = PBXBuildFile; fileRef = C46FDE181BEC246800868DC8 /* LaunchScreen.storyboard */; };
		C46FDE281BEC249F00868DC8 /* KeyboardViewController.swift in Sources */ = {isa = PBXBuildFile; fileRef = C46FDE271BEC249F00868DC8 /* KeyboardViewController.swift */; };
		C46FDE2C1BEC249F00868DC8 /* HodorBoard.appex in Embed App Extensions */ = {isa = PBXBuildFile; fileRef = C46FDE251BEC249F00868DC8 /* HodorBoard.appex */; settings = {ATTRIBUTES = (RemoveHeadersOnCopy, ); }; };
		C46FDE321BEC265900868DC8 /* Hodor.jpg in Resources */ = {isa = PBXBuildFile; fileRef = C46FDE311BEC265900868DC8 /* Hodor.jpg */; };
/* End PBXBuildFile section */

/* Begin PBXContainerItemProxy section */
		C46FDE2A1BEC249F00868DC8 /* PBXContainerItemProxy */ = {
			isa = PBXContainerItemProxy;
			containerPortal = C46FDE041BEC246800868DC8 /* Project object */;
			proxyType = 1;
			remoteGlobalIDString = C46FDE241BEC249F00868DC8;
			remoteInfo = HodorBoard;
		};
/* End PBXContainerItemProxy section */

/* Begin PBXCopyFilesBuildPhase section */
		C46FDE301BEC249F00868DC8 /* Embed App Extensions */ = {
			isa = PBXCopyFilesBuildPhase;
			buildActionMask = 2147483647;
			dstPath = "";
			dstSubfolderSpec = 13;
			files = (
				C46FDE2C1BEC249F00868DC8 /* HodorBoard.appex in Embed App Extensions */,
			);
			name = "Embed App Extensions";
			runOnlyForDeploymentPostprocessing = 0;
		};
/* End PBXCopyFilesBuildPhase section */

/* Begin PBXFileReference section */
		C46FDE0C1BEC246800868DC8 /* Custom Keyboard.app */ = {isa = PBXFileReference; explicitFileType = wrapper.application; includeInIndex = 0; path = "Custom Keyboard.app"; sourceTree = BUILT_PRODUCTS_DIR; };
		C46FDE0F1BEC246800868DC8 /* AppDelegate.swift */ = {isa = PBXFileReference; lastKnownFileType = sourcecode.swift; path = AppDelegate.swift; sourceTree = "<group>"; };
		C46FDE111BEC246800868DC8 /* ViewController.swift */ = {isa = PBXFileReference; lastKnownFileType = sourcecode.swift; path = ViewController.swift; sourceTree = "<group>"; };
		C46FDE141BEC246800868DC8 /* Base */ = {isa = PBXFileReference; lastKnownFileType = file.storyboard; name = Base; path = Base.lproj/Main.storyboard; sourceTree = "<group>"; };
		C46FDE161BEC246800868DC8 /* Assets.xcassets */ = {isa = PBXFileReference; lastKnownFileType = folder.assetcatalog; path = Assets.xcassets; sourceTree = "<group>"; };
		C46FDE191BEC246800868DC8 /* Base */ = {isa = PBXFileReference; lastKnownFileType = file.storyboard; name = Base; path = Base.lproj/LaunchScreen.storyboard; sourceTree = "<group>"; };
		C46FDE1B1BEC246800868DC8 /* Info.plist */ = {isa = PBXFileReference; lastKnownFileType = text.plist.xml; path = Info.plist; sourceTree = "<group>"; };
		C46FDE251BEC249F00868DC8 /* HodorBoard.appex */ = {isa = PBXFileReference; explicitFileType = "wrapper.app-extension"; includeInIndex = 0; path = HodorBoard.appex; sourceTree = BUILT_PRODUCTS_DIR; };
		C46FDE271BEC249F00868DC8 /* KeyboardViewController.swift */ = {isa = PBXFileReference; lastKnownFileType = sourcecode.swift; path = KeyboardViewController.swift; sourceTree = "<group>"; };
		C46FDE291BEC249F00868DC8 /* Info.plist */ = {isa = PBXFileReference; lastKnownFileType = text.plist.xml; path = Info.plist; sourceTree = "<group>"; };
		C46FDE311BEC265900868DC8 /* Hodor.jpg */ = {isa = PBXFileReference; lastKnownFileType = image.jpeg; path = Hodor.jpg; sourceTree = "<group>"; };
/* End PBXFileReference section */

/* Begin PBXFrameworksBuildPhase section */
		C46FDE091BEC246800868DC8 /* Frameworks */ = {
			isa = PBXFrameworksBuildPhase;
			buildActionMask = 2147483647;
			files = (
			);
			runOnlyForDeploymentPostprocessing = 0;
		};
		C46FDE221BEC249F00868DC8 /* Frameworks */ = {
			isa = PBXFrameworksBuildPhase;
			buildActionMask = 2147483647;
			files = (
			);
			runOnlyForDeploymentPostprocessing = 0;
		};
/* End PBXFrameworksBuildPhase section */

/* Begin PBXGroup section */
		C46FDE031BEC246800868DC8 = {
			isa = PBXGroup;
			children = (
				C46FDE0E1BEC246800868DC8 /* Custom Keyboard */,
				C46FDE261BEC249F00868DC8 /* HodorBoard */,
				C46FDE0D1BEC246800868DC8 /* Products */,
			);
			sourceTree = "<group>";
		};
		C46FDE0D1BEC246800868DC8 /* Products */ = {
			isa = PBXGroup;
			children = (
				C46FDE0C1BEC246800868DC8 /* Custom Keyboard.app */,
				C46FDE251BEC249F00868DC8 /* HodorBoard.appex */,
			);
			name = Products;
			sourceTree = "<group>";
		};
		C46FDE0E1BEC246800868DC8 /* Custom Keyboard */ = {
			isa = PBXGroup;
			children = (
				C46FDE0F1BEC246800868DC8 /* AppDelegate.swift */,
				C46FDE111BEC246800868DC8 /* ViewController.swift */,
				C46FDE131BEC246800868DC8 /* Main.storyboard */,
				C46FDE161BEC246800868DC8 /* Assets.xcassets */,
				C46FDE181BEC246800868DC8 /* LaunchScreen.storyboard */,
				C46FDE1B1BEC246800868DC8 /* Info.plist */,
			);
			path = "Custom Keyboard";
			sourceTree = "<group>";
		};
		C46FDE261BEC249F00868DC8 /* HodorBoard */ = {
			isa = PBXGroup;
			children = (
				C46FDE271BEC249F00868DC8 /* KeyboardViewController.swift */,
				C46FDE311BEC265900868DC8 /* Hodor.jpg */,
				C46FDE291BEC249F00868DC8 /* Info.plist */,
			);
			path = HodorBoard;
			sourceTree = "<group>";
		};
/* End PBXGroup section */

/* Begin PBXNativeTarget section */
		C46FDE0B1BEC246800868DC8 /* Custom Keyboard */ = {
			isa = PBXNativeTarget;
			buildConfigurationList = C46FDE1E1BEC246800868DC8 /* Build configuration list for PBXNativeTarget "Custom Keyboard" */;
			buildPhases = (
				C46FDE081BEC246800868DC8 /* Sources */,
				C46FDE091BEC246800868DC8 /* Frameworks */,
				C46FDE0A1BEC246800868DC8 /* Resources */,
				C46FDE301BEC249F00868DC8 /* Embed App Extensions */,
			);
			buildRules = (
			);
			dependencies = (
				C46FDE2B1BEC249F00868DC8 /* PBXTargetDependency */,
			);
			name = "Custom Keyboard";
			productName = "Custom Keyboard";
			productReference = C46FDE0C1BEC246800868DC8 /* Custom Keyboard.app */;
			productType = "com.apple.product-type.application";
		};
		C46FDE241BEC249F00868DC8 /* HodorBoard */ = {
			isa = PBXNativeTarget;
			buildConfigurationList = C46FDE2D1BEC249F00868DC8 /* Build configuration list for PBXNativeTarget "HodorBoard" */;
			buildPhases = (
				C46FDE211BEC249F00868DC8 /* Sources */,
				C46FDE221BEC249F00868DC8 /* Frameworks */,
				C46FDE231BEC249F00868DC8 /* Resources */,
			);
			buildRules = (
			);
			dependencies = (
			);
			name = HodorBoard;
			productName = HodorBoard;
			productReference = C46FDE251BEC249F00868DC8 /* HodorBoard.appex */;
			productType = "com.apple.product-type.app-extension";
		};
/* End PBXNativeTarget section */

/* Begin PBXProject section */
		C46FDE041BEC246800868DC8 /* Project object */ = {
			isa = PBXProject;
			attributes = {
				LastSwiftUpdateCheck = 0710;
				LastUpgradeCheck = 0710;
				ORGANIZATIONNAME = "Jimmy Carlson";
				TargetAttributes = {
					C46FDE0B1BEC246800868DC8 = {
						CreatedOnToolsVersion = 7.1;
						DevelopmentTeam = T889TZV9W9;
					};
					C46FDE241BEC249F00868DC8 = {
						CreatedOnToolsVersion = 7.1;
						DevelopmentTeam = T889TZV9W9;
					};
				};
			};
			buildConfigurationList = C46FDE071BEC246800868DC8 /* Build configuration list for PBXProject "Custom Keyboard" */;
			compatibilityVersion = "Xcode 3.2";
			developmentRegion = English;
			hasScannedForEncodings = 0;
			knownRegions = (
				en,
				Base,
			);
			mainGroup = C46FDE031BEC246800868DC8;
			productRefGroup = C46FDE0D1BEC246800868DC8 /* Products */;
			projectDirPath = "";
			projectRoot = "";
			targets = (
				C46FDE0B1BEC246800868DC8 /* Custom Keyboard */,
				C46FDE241BEC249F00868DC8 /* HodorBoard */,
			);
		};
/* End PBXProject section */

/* Begin PBXResourcesBuildPhase section */
		C46FDE0A1BEC246800868DC8 /* Resources */ = {
			isa = PBXResourcesBuildPhase;
			buildActionMask = 2147483647;
			files = (
				C46FDE1A1BEC246800868DC8 /* LaunchScreen.storyboard in Resources */,
				C46FDE171BEC246800868DC8 /* Assets.xcassets in Resources */,
				C46FDE151BEC246800868DC8 /* Main.storyboard in Resources */,
			);
			runOnlyForDeploymentPostprocessing = 0;
		};
		C46FDE231BEC249F00868DC8 /* Resources */ = {
			isa = PBXResourcesBuildPhase;
			buildActionMask = 2147483647;
			files = (
				C46FDE321BEC265900868DC8 /* Hodor.jpg in Resources */,
			);
			runOnlyForDeploymentPostprocessing = 0;
		};
/* End PBXResourcesBuildPhase section */

/* Begin PBXSourcesBuildPhase section */
		C46FDE081BEC246800868DC8 /* Sources */ = {
			isa = PBXSourcesBuildPhase;
			buildActionMask = 2147483647;
			files = (
				C46FDE121BEC246800868DC8 /* ViewController.swift in Sources */,
				C46FDE101BEC246800868DC8 /* AppDelegate.swift in Sources */,
			);
			runOnlyForDeploymentPostprocessing = 0;
		};
		C46FDE211BEC249F00868DC8 /* Sources */ = {
			isa = PBXSourcesBuildPhase;
			buildActionMask = 2147483647;
			files = (
				C46FDE281BEC249F00868DC8 /* KeyboardViewController.swift in Sources */,
			);
			runOnlyForDeploymentPostprocessing = 0;
		};
/* End PBXSourcesBuildPhase section */

/* Begin PBXTargetDependency section */
		C46FDE2B1BEC249F00868DC8 /* PBXTargetDependency */ = {
			isa = PBXTargetDependency;
			target = C46FDE241BEC249F00868DC8 /* HodorBoard */;
			targetProxy = C46FDE2A1BEC249F00868DC8 /* PBXContainerItemProxy */;
		};
/* End PBXTargetDependency section */

/* Begin PBXVariantGroup section */
		C46FDE131BEC246800868DC8 /* Main.storyboard */ = {
			isa = PBXVariantGroup;
			children = (
				C46FDE141BEC246800868DC8 /* Base */,
			);
			name = Main.storyboard;
			sourceTree = "<group>";
		};
		C46FDE181BEC246800868DC8 /* LaunchScreen.storyboard */ = {
			isa = PBXVariantGroup;
			children = (
				C46FDE191BEC246800868DC8 /* Base */,
			);
			name = LaunchScreen.storyboard;
			sourceTree = "<group>";
		};
/* End PBXVariantGroup section */

/* Begin XCBuildConfiguration section */
		C46FDE1C1BEC246800868DC8 /* Debug */ = {
			isa = XCBuildConfiguration;
			buildSettings = {
				ALWAYS_SEARCH_USER_PATHS = NO;
				CLANG_CXX_LANGUAGE_STANDARD = "gnu++0x";
				CLANG_CXX_LIBRARY = "libc++";
				CLANG_ENABLE_MODULES = YES;
				CLANG_ENABLE_OBJC_ARC = YES;
				CLANG_WARN_BOOL_CONVERSION = YES;
				CLANG_WARN_CONSTANT_CONVERSION = YES;
				CLANG_WARN_DIRECT_OBJC_ISA_USAGE = YES_ERROR;
				CLANG_WARN_EMPTY_BODY = YES;
				CLANG_WARN_ENUM_CONVERSION = YES;
				CLANG_WARN_INT_CONVERSION = YES;
				CLANG_WARN_OBJC_ROOT_CLASS = YES_ERROR;
				CLANG_WARN_UNREACHABLE_CODE = YES;
				CLANG_WARN__DUPLICATE_METHOD_MATCH = YES;
				"CODE_SIGN_IDENTITY[sdk=iphoneos*]" = "iPhone Developer";
				COPY_PHASE_STRIP = NO;
				DEBUG_INFORMATION_FORMAT = dwarf;
				ENABLE_STRICT_OBJC_MSGSEND = YES;
				ENABLE_TESTABILITY = YES;
				GCC_C_LANGUAGE_STANDARD = gnu99;
				GCC_DYNAMIC_NO_PIC = NO;
				GCC_NO_COMMON_BLOCKS = YES;
				GCC_OPTIMIZATION_LEVEL = 0;
				GCC_PREPROCESSOR_DEFINITIONS = (
					"DEBUG=1",
					"$(inherited)",
				);
				GCC_WARN_64_TO_32_BIT_CONVERSION = YES;
				GCC_WARN_ABOUT_RETURN_TYPE = YES_ERROR;
				GCC_WARN_UNDECLARED_SELECTOR = YES;
				GCC_WARN_UNINITIALIZED_AUTOS = YES_AGGRESSIVE;
				GCC_WARN_UNUSED_FUNCTION = YES;
				GCC_WARN_UNUSED_VARIABLE = YES;
				IPHONEOS_DEPLOYMENT_TARGET = 9.1;
				MTL_ENABLE_DEBUG_INFO = YES;
				ONLY_ACTIVE_ARCH = YES;
				SDKROOT = iphoneos;
				SWIFT_OPTIMIZATION_LEVEL = "-Onone";
				TARGETED_DEVICE_FAMILY = "1,2";
			};
			name = Debug;
		};
		C46FDE1D1BEC246800868DC8 /* Release */ = {
			isa = XCBuildConfiguration;
			buildSettings = {
				ALWAYS_SEARCH_USER_PATHS = NO;
				CLANG_CXX_LANGUAGE_STANDARD = "gnu++0x";
				CLANG_CXX_LIBRARY = "libc++";
				CLANG_ENABLE_MODULES = YES;
				CLANG_ENABLE_OBJC_ARC = YES;
				CLANG_WARN_BOOL_CONVERSION = YES;
				CLANG_WARN_CONSTANT_CONVERSION = YES;
				CLANG_WARN_DIRECT_OBJC_ISA_USAGE = YES_ERROR;
				CLANG_WARN_EMPTY_BODY = YES;
				CLANG_WARN_ENUM_CONVERSION = YES;
				CLANG_WARN_INT_CONVERSION = YES;
				CLANG_WARN_OBJC_ROOT_CLASS = YES_ERROR;
				CLANG_WARN_UNREACHABLE_CODE = YES;
				CLANG_WARN__DUPLICATE_METHOD_MATCH = YES;
				"CODE_SIGN_IDENTITY[sdk=iphoneos*]" = "iPhone Developer";
				COPY_PHASE_STRIP = NO;
				DEBUG_INFORMATION_FORMAT = "dwarf-with-dsym";
				ENABLE_NS_ASSERTIONS = NO;
				ENABLE_STRICT_OBJC_MSGSEND = YES;
				GCC_C_LANGUAGE_STANDARD = gnu99;
				GCC_NO_COMMON_BLOCKS = YES;
				GCC_WARN_64_TO_32_BIT_CONVERSION = YES;
				GCC_WARN_ABOUT_RETURN_TYPE = YES_ERROR;
				GCC_WARN_UNDECLARED_SELECTOR = YES;
				GCC_WARN_UNINITIALIZED_AUTOS = YES_AGGRESSIVE;
				GCC_WARN_UNUSED_FUNCTION = YES;
				GCC_WARN_UNUSED_VARIABLE = YES;
				IPHONEOS_DEPLOYMENT_TARGET = 9.1;
				MTL_ENABLE_DEBUG_INFO = NO;
				SDKROOT = iphoneos;
				TARGETED_DEVICE_FAMILY = "1,2";
				VALIDATE_PRODUCT = YES;
			};
			name = Release;
		};
		C46FDE1F1BEC246800868DC8 /* Debug */ = {
			isa = XCBuildConfiguration;
			buildSettings = {
				ASSETCATALOG_COMPILER_APPICON_NAME = AppIcon;
				EMBEDDED_CONTENT_CONTAINS_SWIFT = YES;
				INFOPLIST_FILE = "Custom Keyboard/Info.plist";
				LD_RUNPATH_SEARCH_PATHS = "$(inherited) @executable_path/Frameworks";
				PRODUCT_BUNDLE_IDENTIFIER = "com.example.Custom-Keyboard";
				PRODUCT_NAME = "$(TARGET_NAME)";
			};
			name = Debug;
		};
		C46FDE201BEC246800868DC8 /* Release */ = {
			isa = XCBuildConfiguration;
			buildSettings = {
				ASSETCATALOG_COMPILER_APPICON_NAME = AppIcon;
				EMBEDDED_CONTENT_CONTAINS_SWIFT = YES;
				INFOPLIST_FILE = "Custom Keyboard/Info.plist";
				LD_RUNPATH_SEARCH_PATHS = "$(inherited) @executable_path/Frameworks";
				PRODUCT_BUNDLE_IDENTIFIER = "com.example.Custom-Keyboard";
				PRODUCT_NAME = "$(TARGET_NAME)";
			};
			name = Release;
		};
		C46FDE2E1BEC249F00868DC8 /* Debug */ = {
			isa = XCBuildConfiguration;
			buildSettings = {
				INFOPLIST_FILE = HodorBoard/Info.plist;
				LD_RUNPATH_SEARCH_PATHS = "$(inherited) @executable_path/Frameworks @executable_path/../../Frameworks";
				PRODUCT_BUNDLE_IDENTIFIER = "com.example.Custom-Keyboard.HodorBoard";
				PRODUCT_NAME = "$(TARGET_NAME)";
				SKIP_INSTALL = YES;
			};
			name = Debug;
		};
		C46FDE2F1BEC249F00868DC8 /* Release */ = {
			isa = XCBuildConfiguration;
			buildSettings = {
				INFOPLIST_FILE = HodorBoard/Info.plist;
				LD_RUNPATH_SEARCH_PATHS = "$(inherited) @executable_path/Frameworks @executable_path/../../Frameworks";
				PRODUCT_BUNDLE_IDENTIFIER = "com.example.Custom-Keyboard.HodorBoard";
				PRODUCT_NAME = "$(TARGET_NAME)";
				SKIP_INSTALL = YES;
			};
			name = Release;
		};
/* End XCBuildConfiguration section */

/* Begin XCConfigurationList section */
		C46FDE071BEC246800868DC8 /* Build configuration list for PBXProject "Custom Keyboard" */ = {
			isa = XCConfigurationList;
			buildConfigurations = (
				C46FDE1C1BEC246800868DC8 /* Debug */,
				C46FDE1D1BEC246800868DC8 /* Release */,
			);
			defaultConfigurationIsVisible = 0;
			defaultConfigurationName = Release;
		};
		C46FDE1E1BEC246800868DC8 /* Build configuration list for PBXNativeTarget "Custom Keyboard" */ = {
			isa = XCConfigurationList;
			buildConfigurations = (
				C46FDE1F1BEC246800868DC8 /* Debug */,
				C46FDE201BEC246800868DC8 /* Release */,
			);
			defaultConfigurationIsVisible = 0;
		};
		C46FDE2D1BEC249F00868DC8 /* Build configuration list for PBXNativeTarget "HodorBoard" */ = {
			isa = XCConfigurationList;
			buildConfigurations = (
				C46FDE2E1BEC249F00868DC8 /* Debug */,
				C46FDE2F1BEC249F00868DC8 /* Release */,
			);
			defaultConfigurationIsVisible = 0;
		};
/* End XCConfigurationList section */
	};
	rootObject = C46FDE041BEC246800868DC8 /* Project object */;
}
